// !$*UTF8*$!
{
	archiveVersion = 1;
	classes = {
	};
	objectVersion = 46;
	objects = {

/* Begin PBXBuildFile section */
		20467D0B1984703C00B0A809 /* AppDelegate.swift in Sources */ = {isa = PBXBuildFile; fileRef = 20467D051984703C00B0A809 /* AppDelegate.swift */; };
		20467D0C1984703C00B0A809 /* Main.storyboard in Resources */ = {isa = PBXBuildFile; fileRef = 20467D071984703C00B0A809 /* Main.storyboard */; };
		20467D0D1984703C00B0A809 /* TimelineView.swift in Sources */ = {isa = PBXBuildFile; fileRef = 20467D091984703C00B0A809 /* TimelineView.swift */; };
		20467D0E1984703C00B0A809 /* ViewController.swift in Sources */ = {isa = PBXBuildFile; fileRef = 20467D0A1984703C00B0A809 /* ViewController.swift */; };
		20467D12198470C100B0A809 /* april.png in Resources */ = {isa = PBXBuildFile; fileRef = 20467D0F198470C100B0A809 /* april.png */; };
		20467D13198470C100B0A809 /* fireworks.png in Resources */ = {isa = PBXBuildFile; fileRef = 20467D10198470C100B0A809 /* fireworks.png */; };
		20467D14198470C100B0A809 /* heart.png in Resources */ = {isa = PBXBuildFile; fileRef = 20467D11198470C100B0A809 /* heart.png */; };
		20D74CAE19846FBA00BA030F /* Images.xcassets in Resources */ = {isa = PBXBuildFile; fileRef = 20D74CAD19846FBA00BA030F /* Images.xcassets */; };
		20D74CBA19846FBA00BA030F /* TimelineTests.swift in Sources */ = {isa = PBXBuildFile; fileRef = 20D74CB919846FBA00BA030F /* TimelineTests.swift */; };
/* End PBXBuildFile section */

/* Begin PBXContainerItemProxy section */
		20D74CB419846FBA00BA030F /* PBXContainerItemProxy */ = {
			isa = PBXContainerItemProxy;
			containerPortal = 20D74C9919846FB900BA030F /* Project object */;
			proxyType = 1;
			remoteGlobalIDString = 20D74CA019846FB900BA030F;
			remoteInfo = Timeline;
		};
/* End PBXContainerItemProxy section */

/* Begin PBXFileReference section */
		20467D051984703C00B0A809 /* AppDelegate.swift */ = {isa = PBXFileReference; fileEncoding = 4; lastKnownFileType = sourcecode.swift; path = AppDelegate.swift; sourceTree = "<group>"; };
		20467D081984703C00B0A809 /* Base */ = {isa = PBXFileReference; lastKnownFileType = file.storyboard; name = Base; path = Main.storyboard; sourceTree = "<group>"; };
		20467D091984703C00B0A809 /* TimelineView.swift */ = {isa = PBXFileReference; fileEncoding = 4; lastKnownFileType = sourcecode.swift; path = TimelineView.swift; sourceTree = "<group>"; };
		20467D0A1984703C00B0A809 /* ViewController.swift */ = {isa = PBXFileReference; fileEncoding = 4; lastKnownFileType = sourcecode.swift; path = ViewController.swift; sourceTree = "<group>"; };
		20467D0F198470C100B0A809 /* april.png */ = {isa = PBXFileReference; lastKnownFileType = image.png; path = april.png; sourceTree = "<group>"; };
		20467D10198470C100B0A809 /* fireworks.png */ = {isa = PBXFileReference; lastKnownFileType = image.png; path = fireworks.png; sourceTree = "<group>"; };
		20467D11198470C100B0A809 /* heart.png */ = {isa = PBXFileReference; lastKnownFileType = image.png; path = heart.png; sourceTree = "<group>"; };
		20D74CA119846FB900BA030F /* Timeline.app */ = {isa = PBXFileReference; explicitFileType = wrapper.application; includeInIndex = 0; path = Timeline.app; sourceTree = BUILT_PRODUCTS_DIR; };
		20D74CA519846FB900BA030F /* Info.plist */ = {isa = PBXFileReference; lastKnownFileType = text.plist.xml; path = Info.plist; sourceTree = "<group>"; };
		20D74CAD19846FBA00BA030F /* Images.xcassets */ = {isa = PBXFileReference; lastKnownFileType = folder.assetcatalog; path = Images.xcassets; sourceTree = "<group>"; };
		20D74CB319846FBA00BA030F /* TimelineTests.xctest */ = {isa = PBXFileReference; explicitFileType = wrapper.cfbundle; includeInIndex = 0; path = TimelineTests.xctest; sourceTree = BUILT_PRODUCTS_DIR; };
		20D74CB819846FBA00BA030F /* Info.plist */ = {isa = PBXFileReference; lastKnownFileType = text.plist.xml; path = Info.plist; sourceTree = "<group>"; };
		20D74CB919846FBA00BA030F /* TimelineTests.swift */ = {isa = PBXFileReference; lastKnownFileType = sourcecode.swift; path = TimelineTests.swift; sourceTree = "<group>"; };
/* End PBXFileReference section */

/* Begin PBXFrameworksBuildPhase section */
		20D74C9E19846FB900BA030F /* Frameworks */ = {
			isa = PBXFrameworksBuildPhase;
			buildActionMask = 2147483647;
			files = (
			);
			runOnlyForDeploymentPostprocessing = 0;
		};
		20D74CB019846FBA00BA030F /* Frameworks */ = {
			isa = PBXFrameworksBuildPhase;
			buildActionMask = 2147483647;
			files = (
			);
			runOnlyForDeploymentPostprocessing = 0;
		};
/* End PBXFrameworksBuildPhase section */

/* Begin PBXGroup section */
		20467D061984703C00B0A809 /* Base.lproj */ = {
			isa = PBXGroup;
			children = (
				20467D071984703C00B0A809 /* Main.storyboard */,
			);
			path = Base.lproj;
			sourceTree = "<group>";
		};
		20D74C9819846FB900BA030F = {
			isa = PBXGroup;
			children = (
				20D74CA319846FB900BA030F /* Timeline */,
				20D74CB619846FBA00BA030F /* TimelineTests */,
				20D74CA219846FB900BA030F /* Products */,
			);
			sourceTree = "<group>";
		};
		20D74CA219846FB900BA030F /* Products */ = {
			isa = PBXGroup;
			children = (
				20D74CA119846FB900BA030F /* Timeline.app */,
				20D74CB319846FBA00BA030F /* TimelineTests.xctest */,
			);
			name = Products;
			sourceTree = "<group>";
		};
		20D74CA319846FB900BA030F /* Timeline */ = {
			isa = PBXGroup;
			children = (
				20D74CAD19846FBA00BA030F /* Images.xcassets */,
				20467D051984703C00B0A809 /* AppDelegate.swift */,
				20467D061984703C00B0A809 /* Base.lproj */,
				20467D091984703C00B0A809 /* TimelineView.swift */,
				20467D0F198470C100B0A809 /* april.png */,
				20467D10198470C100B0A809 /* fireworks.png */,
				20467D11198470C100B0A809 /* heart.png */,
				20467D0A1984703C00B0A809 /* ViewController.swift */,
				20D74CA419846FB900BA030F /* Supporting Files */,
			);
			path = Timeline;
			sourceTree = "<group>";
		};
		20D74CA419846FB900BA030F /* Supporting Files */ = {
			isa = PBXGroup;
			children = (
				20D74CA519846FB900BA030F /* Info.plist */,
			);
			name = "Supporting Files";
			sourceTree = "<group>";
		};
		20D74CB619846FBA00BA030F /* TimelineTests */ = {
			isa = PBXGroup;
			children = (
				20D74CB919846FBA00BA030F /* TimelineTests.swift */,
				20D74CB719846FBA00BA030F /* Supporting Files */,
			);
			path = TimelineTests;
			sourceTree = "<group>";
		};
		20D74CB719846FBA00BA030F /* Supporting Files */ = {
			isa = PBXGroup;
			children = (
				20D74CB819846FBA00BA030F /* Info.plist */,
			);
			name = "Supporting Files";
			sourceTree = "<group>";
		};
/* End PBXGroup section */

/* Begin PBXNativeTarget section */
		20D74CA019846FB900BA030F /* Timeline */ = {
			isa = PBXNativeTarget;
			buildConfigurationList = 20D74CBD19846FBA00BA030F /* Build configuration list for PBXNativeTarget "Timeline" */;
			buildPhases = (
				20D74C9D19846FB900BA030F /* Sources */,
				20D74C9E19846FB900BA030F /* Frameworks */,
				20D74C9F19846FB900BA030F /* Resources */,
			);
			buildRules = (
			);
			dependencies = (
			);
			name = Timeline;
			productName = Timeline;
			productReference = 20D74CA119846FB900BA030F /* Timeline.app */;
			productType = "com.apple.product-type.application";
		};
		20D74CB219846FBA00BA030F /* TimelineTests */ = {
			isa = PBXNativeTarget;
			buildConfigurationList = 20D74CC019846FBA00BA030F /* Build configuration list for PBXNativeTarget "TimelineTests" */;
			buildPhases = (
				20D74CAF19846FBA00BA030F /* Sources */,
				20D74CB019846FBA00BA030F /* Frameworks */,
				20D74CB119846FBA00BA030F /* Resources */,
			);
			buildRules = (
			);
			dependencies = (
				20D74CB519846FBA00BA030F /* PBXTargetDependency */,
			);
			name = TimelineTests;
			productName = TimelineTests;
			productReference = 20D74CB319846FBA00BA030F /* TimelineTests.xctest */;
			productType = "com.apple.product-type.bundle.unit-test";
		};
/* End PBXNativeTarget section */

/* Begin PBXProject section */
		20D74C9919846FB900BA030F /* Project object */ = {
			isa = PBXProject;
			attributes = {
				LastUpgradeCheck = 0600;
				ORGANIZATIONNAME = "Evan Dekhayser";
				TargetAttributes = {
					20D74CA019846FB900BA030F = {
						CreatedOnToolsVersion = 6.0;
					};
					20D74CB219846FBA00BA030F = {
						CreatedOnToolsVersion = 6.0;
						TestTargetID = 20D74CA019846FB900BA030F;
					};
				};
			};
			buildConfigurationList = 20D74C9C19846FB900BA030F /* Build configuration list for PBXProject "Timeline" */;
			compatibilityVersion = "Xcode 3.2";
			developmentRegion = English;
			hasScannedForEncodings = 0;
			knownRegions = (
				en,
				Base,
			);
			mainGroup = 20D74C9819846FB900BA030F;
			productRefGroup = 20D74CA219846FB900BA030F /* Products */;
			projectDirPath = "";
			projectRoot = "";
			targets = (
				20D74CA019846FB900BA030F /* Timeline */,
				20D74CB219846FBA00BA030F /* TimelineTests */,
			);
		};
/* End PBXProject section */

/* Begin PBXResourcesBuildPhase section */
		20D74C9F19846FB900BA030F /* Resources */ = {
			isa = PBXResourcesBuildPhase;
			buildActionMask = 2147483647;
			files = (
				20467D13198470C100B0A809 /* fireworks.png in Resources */,
				20D74CAE19846FBA00BA030F /* Images.xcassets in Resources */,
				20467D14198470C100B0A809 /* heart.png in Resources */,
				20467D12198470C100B0A809 /* april.png in Resources */,
				20467D0C1984703C00B0A809 /* Main.storyboard in Resources */,
			);
			runOnlyForDeploymentPostprocessing = 0;
		};
		20D74CB119846FBA00BA030F /* Resources */ = {
			isa = PBXResourcesBuildPhase;
			buildActionMask = 2147483647;
			files = (
			);
			runOnlyForDeploymentPostprocessing = 0;
		};
/* End PBXResourcesBuildPhase section */

/* Begin PBXSourcesBuildPhase section */
		20D74C9D19846FB900BA030F /* Sources */ = {
			isa = PBXSourcesBuildPhase;
			buildActionMask = 2147483647;
			files = (
				20467D0E1984703C00B0A809 /* ViewController.swift in Sources */,
				20467D0B1984703C00B0A809 /* AppDelegate.swift in Sources */,
				20467D0D1984703C00B0A809 /* TimelineView.swift in Sources */,
			);
			runOnlyForDeploymentPostprocessing = 0;
		};
		20D74CAF19846FBA00BA030F /* Sources */ = {
			isa = PBXSourcesBuildPhase;
			buildActionMask = 2147483647;
			files = (
				20D74CBA19846FBA00BA030F /* TimelineTests.swift in Sources */,
			);
			runOnlyForDeploymentPostprocessing = 0;
		};
/* End PBXSourcesBuildPhase section */

/* Begin PBXTargetDependency section */
		20D74CB519846FBA00BA030F /* PBXTargetDependency */ = {
			isa = PBXTargetDependency;
			target = 20D74CA019846FB900BA030F /* Timeline */;
			targetProxy = 20D74CB419846FBA00BA030F /* PBXContainerItemProxy */;
		};
/* End PBXTargetDependency section */

/* Begin PBXVariantGroup section */
		20467D071984703C00B0A809 /* Main.storyboard */ = {
			isa = PBXVariantGroup;
			children = (
				20467D081984703C00B0A809 /* Base */,
			);
			name = Main.storyboard;
			sourceTree = "<group>";
		};
/* End PBXVariantGroup section */

/* Begin XCBuildConfiguration section */
		20D74CBB19846FBA00BA030F /* Debug */ = {
			isa = XCBuildConfiguration;
			buildSettings = {
				ALWAYS_SEARCH_USER_PATHS = NO;
				CLANG_CXX_LANGUAGE_STANDARD = "gnu++0x";
				CLANG_CXX_LIBRARY = "libc++";
				CLANG_ENABLE_MODULES = YES;
				CLANG_ENABLE_OBJC_ARC = YES;
				CLANG_WARN_BOOL_CONVERSION = YES;
				CLANG_WARN_CONSTANT_CONVERSION = YES;
				CLANG_WARN_DIRECT_OBJC_ISA_USAGE = YES_ERROR;
				CLANG_WARN_EMPTY_BODY = YES;
				CLANG_WARN_ENUM_CONVERSION = YES;
				CLANG_WARN_INT_CONVERSION = YES;
				CLANG_WARN_OBJC_ROOT_CLASS = YES_ERROR;
				CLANG_WARN_UNREACHABLE_CODE = YES;
				CLANG_WARN__DUPLICATE_METHOD_MATCH = YES;
				"CODE_SIGN_IDENTITY[sdk=iphoneos*]" = "iPhone Developer";
				COPY_PHASE_STRIP = NO;
				ENABLE_STRICT_OBJC_MSGSEND = YES;
				GCC_C_LANGUAGE_STANDARD = gnu99;
				GCC_DYNAMIC_NO_PIC = NO;
				GCC_OPTIMIZATION_LEVEL = 0;
				GCC_PREPROCESSOR_DEFINITIONS = (
					"DEBUG=1",
					"$(inherited)",
				);
				GCC_SYMBOLS_PRIVATE_EXTERN = NO;
				GCC_WARN_64_TO_32_BIT_CONVERSION = YES;
				GCC_WARN_ABOUT_RETURN_TYPE = YES_ERROR;
				GCC_WARN_UNDECLARED_SELECTOR = YES;
				GCC_WARN_UNINITIALIZED_AUTOS = YES_AGGRESSIVE;
				GCC_WARN_UNUSED_FUNCTION = YES;
				GCC_WARN_UNUSED_VARIABLE = YES;
				IPHONEOS_DEPLOYMENT_TARGET = 8.0;
				MTL_ENABLE_DEBUG_INFO = YES;
				ONLY_ACTIVE_ARCH = YES;
				SDKROOT = iphoneos;
				SWIFT_OPTIMIZATION_LEVEL = "-Onone";
				TARGETED_DEVICE_FAMILY = "1,2";
			};
			name = Debug;
		};
		20D74CBC19846FBA00BA030F /* Release */ = {
			isa = XCBuildConfiguration;
			buildSettings = {
				ALWAYS_SEARCH_USER_PATHS = NO;
				CLANG_CXX_LANGUAGE_STANDARD = "gnu++0x";
				CLANG_CXX_LIBRARY = "libc++";
				CLANG_ENABLE_MODULES = YES;
				CLANG_ENABLE_OBJC_ARC = YES;
				CLANG_WARN_BOOL_CONVERSION = YES;
				CLANG_WARN_CONSTANT_CONVERSION = YES;
				CLANG_WARN_DIRECT_OBJC_ISA_USAGE = YES_ERROR;
				CLANG_WARN_EMPTY_BODY = YES;
				CLANG_WARN_ENUM_CONVERSION = YES;
				CLANG_WARN_INT_CONVERSION = YES;
				CLANG_WARN_OBJC_ROOT_CLASS = YES_ERROR;
				CLANG_WARN_UNREACHABLE_CODE = YES;
				CLANG_WARN__DUPLICATE_METHOD_MATCH = YES;
				"CODE_SIGN_IDENTITY[sdk=iphoneos*]" = "iPhone Developer";
				COPY_PHASE_STRIP = YES;
				ENABLE_NS_ASSERTIONS = NO;
				ENABLE_STRICT_OBJC_MSGSEND = YES;
				GCC_C_LANGUAGE_STANDARD = gnu99;
				GCC_WARN_64_TO_32_BIT_CONVERSION = YES;
				GCC_WARN_ABOUT_RETURN_TYPE = YES_ERROR;
				GCC_WARN_UNDECLARED_SELECTOR = YES;
				GCC_WARN_UNINITIALIZED_AUTOS = YES_AGGRESSIVE;
				GCC_WARN_UNUSED_FUNCTION = YES;
				GCC_WARN_UNUSED_VARIABLE = YES;
				IPHONEOS_DEPLOYMENT_TARGET = 8.0;
				MTL_ENABLE_DEBUG_INFO = NO;
				SDKROOT = iphoneos;
				TARGETED_DEVICE_FAMILY = "1,2";
				VALIDATE_PRODUCT = YES;
			};
			name = Release;
		};
		20D74CBE19846FBA00BA030F /* Debug */ = {
			isa = XCBuildConfiguration;
			buildSettings = {
				ASSETCATALOG_COMPILER_APPICON_NAME = AppIcon;
				ASSETCATALOG_COMPILER_LAUNCHIMAGE_NAME = LaunchImage;
				INFOPLIST_FILE = Timeline/Info.plist;
				LD_RUNPATH_SEARCH_PATHS = "$(inherited) @executable_path/Frameworks";
				PRODUCT_NAME = "$(TARGET_NAME)";
			};
			name = Debug;
		};
		20D74CBF19846FBA00BA030F /* Release */ = {
			isa = XCBuildConfiguration;
			buildSettings = {
				ASSETCATALOG_COMPILER_APPICON_NAME = AppIcon;
				ASSETCATALOG_COMPILER_LAUNCHIMAGE_NAME = LaunchImage;
				INFOPLIST_FILE = Timeline/Info.plist;
				LD_RUNPATH_SEARCH_PATHS = "$(inherited) @executable_path/Frameworks";
				PRODUCT_NAME = "$(TARGET_NAME)";
			};
			name = Release;
		};
		20D74CC119846FBA00BA030F /* Debug */ = {
			isa = XCBuildConfiguration;
			buildSettings = {
				BUNDLE_LOADER = "$(BUILT_PRODUCTS_DIR)/Timeline.app/Timeline";
				FRAMEWORK_SEARCH_PATHS = (
					"$(SDKROOT)/Developer/Library/Frameworks",
					"$(inherited)",
				);
				GCC_PREPROCESSOR_DEFINITIONS = (
					"DEBUG=1",
					"$(inherited)",
				);
				INFOPLIST_FILE = TimelineTests/Info.plist;
				LD_RUNPATH_SEARCH_PATHS = "$(inherited) @executable_path/Frameworks @loader_path/Frameworks";
				PRODUCT_NAME = "$(TARGET_NAME)";
				TEST_HOST = "$(BUNDLE_LOADER)";
			};
			name = Debug;
		};
		20D74CC219846FBA00BA030F /* Release */ = {
			isa = XCBuildConfiguration;
			buildSettings = {
				BUNDLE_LOADER = "$(BUILT_PRODUCTS_DIR)/Timeline.app/Timeline";
				FRAMEWORK_SEARCH_PATHS = (
					"$(SDKROOT)/Developer/Library/Frameworks",
					"$(inherited)",
				);
				INFOPLIST_FILE = TimelineTests/Info.plist;
				LD_RUNPATH_SEARCH_PATHS = "$(inherited) @executable_path/Frameworks @loader_path/Frameworks";
				PRODUCT_NAME = "$(TARGET_NAME)";
				TEST_HOST = "$(BUNDLE_LOADER)";
			};
			name = Release;
		};
/* End XCBuildConfiguration section */

/* Begin XCConfigurationList section */
		20D74C9C19846FB900BA030F /* Build configuration list for PBXProject "Timeline" */ = {
			isa = XCConfigurationList;
			buildConfigurations = (
				20D74CBB19846FBA00BA030F /* Debug */,
				20D74CBC19846FBA00BA030F /* Release */,
			);
			defaultConfigurationIsVisible = 0;
			defaultConfigurationName = Release;
		};
		20D74CBD19846FBA00BA030F /* Build configuration list for PBXNativeTarget "Timeline" */ = {
			isa = XCConfigurationList;
			buildConfigurations = (
				20D74CBE19846FBA00BA030F /* Debug */,
				20D74CBF19846FBA00BA030F /* Release */,
			);
			defaultConfigurationIsVisible = 0;
			defaultConfigurationName = Release;
		};
		20D74CC019846FBA00BA030F /* Build configuration list for PBXNativeTarget "TimelineTests" */ = {
			isa = XCConfigurationList;
			buildConfigurations = (
				20D74CC119846FBA00BA030F /* Debug */,
				20D74CC219846FBA00BA030F /* Release */,
			);
			defaultConfigurationIsVisible = 0;
			defaultConfigurationName = Release;
		};
/* End XCConfigurationList section */
	};
	rootObject = 20D74C9919846FB900BA030F /* Project object */;
}
